
Microsoft Visual Studio Solution File, Format Version 12.00
# Visual Studio Version 17
VisualStudioVersion = 17.6.33723.286
MinimumVisualStudioVersion = 10.0.40219.1
Project("{FAE04EC0-301F-11D3-BF4B-00C04F79EFBC}") = "SQLInjectionMiddleware", "SQLInjectionMiddleware\SQLInjectionMiddleware.csproj", "{765912FE-CF26-426C-8774-08E1F31380EA}"
EndProject
Global
	GlobalSection(SolutionConfigurationPlatforms) = preSolution
		Debug|Any CPU = Debug|Any CPU
		Release|Any CPU = Release|Any CPU
	EndGlobalSection
	GlobalSection(ProjectConfigurationPlatforms) = postSolution
		{765912FE-CF26-426C-8774-08E1F31380EA}.Debug|Any CPU.ActiveCfg = Debug|Any CPU
		{765912FE-CF26-426C-8774-08E1F31380EA}.Debug|Any CPU.Build.0 = Debug|Any CPU
		{765912FE-CF26-426C-8774-08E1F31380EA}.Release|Any CPU.ActiveCfg = Release|Any CPU
		{765912FE-CF26-426C-8774-08E1F31380EA}.Release|Any CPU.Build.0 = Release|Any CPU
	EndGlobalSection
	GlobalSection(SolutionProperties) = preSolution
		HideSolutionNode = FALSE
	EndGlobalSection
	GlobalSection(ExtensibilityGlobals) = postSolution
		SolutionGuid = {3B710A59-291C-4B0E-BA17-D20F86B538E4}
	EndGlobalSection
EndGlobal
